
Microsoft Visual Studio Solution File, Format Version 12.00
# Visual Studio 14
VisualStudioVersion = 14.0.25420.1
MinimumVisualStudioVersion = 10.0.40219.1
Project("{FAE04EC0-301F-11D3-BF4B-00C04F79EFBC}") = "Shape", "Shape\Shape.csproj", "{B06E2DE0-82CF-4243-8E31-144D2D4ED032}"
EndProject
Project("{FAE04EC0-301F-11D3-BF4B-00C04F79EFBC}") = "UserProgram", "UserProgram\UserProgram.csproj", "{BC747896-49F5-4EA1-AE59-0758E15BB81D}"
EndProject
Global
	GlobalSection(SolutionConfigurationPlatforms) = preSolution
		Debug|Any CPU = Debug|Any CPU
		Release|Any CPU = Release|Any CPU
	EndGlobalSection
	GlobalSection(ProjectConfigurationPlatforms) = postSolution
		{B06E2DE0-82CF-4243-8E31-144D2D4ED032}.Debug|Any CPU.ActiveCfg = Debug|Any CPU
		{B06E2DE0-82CF-4243-8E31-144D2D4ED032}.Debug|Any CPU.Build.0 = Debug|Any CPU
		{B06E2DE0-82CF-4243-8E31-144D2D4ED032}.Release|Any CPU.ActiveCfg = Release|Any CPU
		{B06E2DE0-82CF-4243-8E31-144D2D4ED032}.Release|Any CPU.Build.0 = Release|Any CPU
		{BC747896-49F5-4EA1-AE59-0758E15BB81D}.Debug|Any CPU.ActiveCfg = Debug|Any CPU
		{BC747896-49F5-4EA1-AE59-0758E15BB81D}.Debug|Any CPU.Build.0 = Debug|Any CPU
		{BC747896-49F5-4EA1-AE59-0758E15BB81D}.Release|Any CPU.ActiveCfg = Release|Any CPU
		{BC747896-49F5-4EA1-AE59-0758E15BB81D}.Release|Any CPU.Build.0 = Release|Any CPU
	EndGlobalSection
	GlobalSection(SolutionProperties) = preSolution
		HideSolutionNode = FALSE
	EndGlobalSection
EndGlobal
